
Microsoft Visual Studio Solution File, Format Version 12.00
# Visual Studio 15
VisualStudioVersion = 15.0.27428.2015
MinimumVisualStudioVersion = 10.0.40219.1
Project("{FAE04EC0-301F-11D3-BF4B-00C04F79EFBC}") = "Anderson definition gym", "Anderson definition gym\Anderson definition gym.csproj", "{33EED0E8-7576-4C46-A222-6E93DA759D9B}"
EndProject
Global
	GlobalSection(SolutionConfigurationPlatforms) = preSolution
		Debug|Any CPU = Debug|Any CPU
		Release|Any CPU = Release|Any CPU
	EndGlobalSection
	GlobalSection(ProjectConfigurationPlatforms) = postSolution
		{33EED0E8-7576-4C46-A222-6E93DA759D9B}.Debug|Any CPU.ActiveCfg = Debug|Any CPU
		{33EED0E8-7576-4C46-A222-6E93DA759D9B}.Debug|Any CPU.Build.0 = Debug|Any CPU
		{33EED0E8-7576-4C46-A222-6E93DA759D9B}.Release|Any CPU.ActiveCfg = Release|Any CPU
		{33EED0E8-7576-4C46-A222-6E93DA759D9B}.Release|Any CPU.Build.0 = Release|Any CPU
	EndGlobalSection
	GlobalSection(SolutionProperties) = preSolution
		HideSolutionNode = FALSE
	EndGlobalSection
	GlobalSection(ExtensibilityGlobals) = postSolution
		SolutionGuid = {7BA0A10B-9AB8-4627-B649-F8CF136807C3}
	EndGlobalSection
EndGlobal
